
Microsoft Visual Studio Solution File, Format Version 12.00
# Visual Studio Version 17
VisualStudioVersion = 17.14.37027.9 d17.14
MinimumVisualStudioVersion = 10.0.40219.1
Project("{8BC9CEB8-8B4A-11D0-8D11-00A0C91BC942}") = "26311019_KimMinJae_Practice", "26311019_KimMinJae_Practice.vcxproj", "{4B5709E9-BF2D-410D-A6CF-042457358BE1}"
EndProject
Global
	GlobalSection(SolutionConfigurationPlatforms) = preSolution
		Debug|x64 = Debug|x64
		Debug|x86 = Debug|x86
		Release|x64 = Release|x64
		Release|x86 = Release|x86
	EndGlobalSection
	GlobalSection(ProjectConfigurationPlatforms) = postSolution
		{4B5709E9-BF2D-410D-A6CF-042457358BE1}.Debug|x64.ActiveCfg = Debug|x64
		{4B5709E9-BF2D-410D-A6CF-042457358BE1}.Debug|x64.Build.0 = Debug|x64
		{4B5709E9-BF2D-410D-A6CF-042457358BE1}.Debug|x86.ActiveCfg = Debug|Win32
		{4B5709E9-BF2D-410D-A6CF-042457358BE1}.Debug|x86.Build.0 = Debug|Win32
		{4B5709E9-BF2D-410D-A6CF-042457358BE1}.Release|x64.ActiveCfg = Release|x64
		{4B5709E9-BF2D-410D-A6CF-042457358BE1}.Release|x64.Build.0 = Release|x64
		{4B5709E9-BF2D-410D-A6CF-042457358BE1}.Release|x86.ActiveCfg = Release|Win32
		{4B5709E9-BF2D-410D-A6CF-042457358BE1}.Release|x86.Build.0 = Release|Win32
	EndGlobalSection
	GlobalSection(SolutionProperties) = preSolution
		HideSolutionNode = FALSE
	EndGlobalSection
	GlobalSection(ExtensibilityGlobals) = postSolution
		SolutionGuid = {68B6C19E-3EB0-47E4-92A7-209556FE0785}
	EndGlobalSection
EndGlobal
